
Microsoft Visual Studio Solution File, Format Version 12.00
# Visual Studio Express 14 for Web
VisualStudioVersion = 14.0.23107.0
MinimumVisualStudioVersion = 10.0.40219.1
Project("{FAE04EC0-301F-11D3-BF4B-00C04F79EFBC}") = "TheAfterParty.Domain", "TheAfterParty.Domain\TheAfterParty.Domain.csproj", "{D187CCA9-7F4E-41C9-B698-487FF6D7D35E}"
EndProject
Project("{FAE04EC0-301F-11D3-BF4B-00C04F79EFBC}") = "TheAfterParty.WebUI", "TheAfterParty.WebUI\TheAfterParty.WebUI.csproj", "{1B72B577-73C3-40D6-B77C-861782A21E57}"
EndProject
Project("{FAE04EC0-301F-11D3-BF4B-00C04F79EFBC}") = "TheAfterParty.UnitTests", "TheAfterParty.UnitTests\TheAfterParty.UnitTests.csproj", "{594396C3-B0C1-4661-94D0-FAD49D2023FD}"
EndProject
Global
	GlobalSection(SolutionConfigurationPlatforms) = preSolution
		Debug|Any CPU = Debug|Any CPU
		Release|Any CPU = Release|Any CPU
	EndGlobalSection
	GlobalSection(ProjectConfigurationPlatforms) = postSolution
		{D187CCA9-7F4E-41C9-B698-487FF6D7D35E}.Debug|Any CPU.ActiveCfg = Debug|Any CPU
		{D187CCA9-7F4E-41C9-B698-487FF6D7D35E}.Debug|Any CPU.Build.0 = Debug|Any CPU
		{D187CCA9-7F4E-41C9-B698-487FF6D7D35E}.Release|Any CPU.ActiveCfg = Release|Any CPU
		{D187CCA9-7F4E-41C9-B698-487FF6D7D35E}.Release|Any CPU.Build.0 = Release|Any CPU
		{1B72B577-73C3-40D6-B77C-861782A21E57}.Debug|Any CPU.ActiveCfg = Debug|Any CPU
		{1B72B577-73C3-40D6-B77C-861782A21E57}.Debug|Any CPU.Build.0 = Debug|Any CPU
		{1B72B577-73C3-40D6-B77C-861782A21E57}.Release|Any CPU.ActiveCfg = Release|Any CPU
		{1B72B577-73C3-40D6-B77C-861782A21E57}.Release|Any CPU.Build.0 = Release|Any CPU
		{594396C3-B0C1-4661-94D0-FAD49D2023FD}.Debug|Any CPU.ActiveCfg = Debug|Any CPU
		{594396C3-B0C1-4661-94D0-FAD49D2023FD}.Debug|Any CPU.Build.0 = Debug|Any CPU
		{594396C3-B0C1-4661-94D0-FAD49D2023FD}.Release|Any CPU.ActiveCfg = Release|Any CPU
		{594396C3-B0C1-4661-94D0-FAD49D2023FD}.Release|Any CPU.Build.0 = Release|Any CPU
	EndGlobalSection
	GlobalSection(SolutionProperties) = preSolution
		HideSolutionNode = FALSE
	EndGlobalSection
EndGlobal
